{
  "name": "testmodule",
  "version": "1.0.0",
  "lockfileVersion": 1,
  "requires": true,
  "dependencies": {
    "my_app_test123": {
      "version": "1.0.0",
      "resolved": "https://registry.npmjs.org/my_app_test123/-/my_app_test123-1.0.0.tgz",
      "integrity": "sha512-QY8DUzbIYnAOZ/2JrYhqF2qENg3oXbdwt1Sotm1KU6MqpN1E6hIgY2UURfsyY3OaB7W9fBoqpp9oIW/lz2QsTA=="
    }
  }
}
